
Microsoft Visual Studio Solution File, Format Version 12.00
# Visual Studio Version 17
VisualStudioVersion = 17.6.33801.468
MinimumVisualStudioVersion = 10.0.40219.1
Project("{FAE04EC0-301F-11D3-BF4B-00C04F79EFBC}") = "LabExam1", "LabExam1.csproj", "{3E5FDD95-A6E8-4DEB-A7AD-61AA6B7525D3}"
EndProject
Global
	GlobalSection(SolutionConfigurationPlatforms) = preSolution
		Debug|Any CPU = Debug|Any CPU
		Release|Any CPU = Release|Any CPU
	EndGlobalSection
	GlobalSection(ProjectConfigurationPlatforms) = postSolution
		{3E5FDD95-A6E8-4DEB-A7AD-61AA6B7525D3}.Debug|Any CPU.ActiveCfg = Debug|Any CPU
		{3E5FDD95-A6E8-4DEB-A7AD-61AA6B7525D3}.Debug|Any CPU.Build.0 = Debug|Any CPU
		{3E5FDD95-A6E8-4DEB-A7AD-61AA6B7525D3}.Release|Any CPU.ActiveCfg = Release|Any CPU
		{3E5FDD95-A6E8-4DEB-A7AD-61AA6B7525D3}.Release|Any CPU.Build.0 = Release|Any CPU
	EndGlobalSection
	GlobalSection(SolutionProperties) = preSolution
		HideSolutionNode = FALSE
	EndGlobalSection
	GlobalSection(ExtensibilityGlobals) = postSolution
		SolutionGuid = {DD8523C8-6AD8-49CE-B968-AC73B59225C3}
	EndGlobalSection
EndGlobal
